
Microsoft Visual Studio Solution File, Format Version 12.00
# Visual Studio 14
VisualStudioVersion = 14.0.25420.1
MinimumVisualStudioVersion = 10.0.40219.1
Project("{FAE04EC0-301F-11D3-BF4B-00C04F79EFBC}") = "CSharpTeacher", "CSharpTeacher\CSharpTeacher.csproj", "{FA10199A-F959-4A15-84C8-619BBD24D524}"
EndProject
Project("{FAE04EC0-301F-11D3-BF4B-00C04F79EFBC}") = "CSharpTeacher.Tests", "CSharpTeacher.Tests\CSharpTeacher.Tests.csproj", "{BEF2CFBA-C31E-4AA5-8951-55FA3103DF7B}"
EndProject
Global
	GlobalSection(SolutionConfigurationPlatforms) = preSolution
		Debug|Any CPU = Debug|Any CPU
		Release|Any CPU = Release|Any CPU
	EndGlobalSection
	GlobalSection(ProjectConfigurationPlatforms) = postSolution
		{FA10199A-F959-4A15-84C8-619BBD24D524}.Debug|Any CPU.ActiveCfg = Debug|Any CPU
		{FA10199A-F959-4A15-84C8-619BBD24D524}.Debug|Any CPU.Build.0 = Debug|Any CPU
		{FA10199A-F959-4A15-84C8-619BBD24D524}.Release|Any CPU.ActiveCfg = Release|Any CPU
		{FA10199A-F959-4A15-84C8-619BBD24D524}.Release|Any CPU.Build.0 = Release|Any CPU
		{BEF2CFBA-C31E-4AA5-8951-55FA3103DF7B}.Debug|Any CPU.ActiveCfg = Debug|Any CPU
		{BEF2CFBA-C31E-4AA5-8951-55FA3103DF7B}.Debug|Any CPU.Build.0 = Debug|Any CPU
		{BEF2CFBA-C31E-4AA5-8951-55FA3103DF7B}.Release|Any CPU.ActiveCfg = Release|Any CPU
		{BEF2CFBA-C31E-4AA5-8951-55FA3103DF7B}.Release|Any CPU.Build.0 = Release|Any CPU
	EndGlobalSection
	GlobalSection(SolutionProperties) = preSolution
		HideSolutionNode = FALSE
	EndGlobalSection
EndGlobal
